
Microsoft Visual Studio Solution File, Format Version 12.00
# Visual Studio Version 17
VisualStudioVersion = 17.8.34330.188
MinimumVisualStudioVersion = 10.0.40219.1
Project("{FAE04EC0-301F-11D3-BF4B-00C04F79EFBC}") = "eShop.Data", "eShop.Data\eShop.Data.csproj", "{92A14FE2-A1B9-454C-9A00-C83BF8166B86}"
EndProject
Project("{FAE04EC0-301F-11D3-BF4B-00C04F79EFBC}") = "eShop.Data.Shared", "eShop.Data.Shared\eShop.Data.Shared.csproj", "{C246BA71-C15A-4949-8A0B-84A2788DE32A}"
EndProject
Global
	GlobalSection(SolutionConfigurationPlatforms) = preSolution
		Debug|Any CPU = Debug|Any CPU
		Release|Any CPU = Release|Any CPU
	EndGlobalSection
	GlobalSection(ProjectConfigurationPlatforms) = postSolution
		{92A14FE2-A1B9-454C-9A00-C83BF8166B86}.Debug|Any CPU.ActiveCfg = Debug|Any CPU
		{92A14FE2-A1B9-454C-9A00-C83BF8166B86}.Debug|Any CPU.Build.0 = Debug|Any CPU
		{92A14FE2-A1B9-454C-9A00-C83BF8166B86}.Release|Any CPU.ActiveCfg = Release|Any CPU
		{92A14FE2-A1B9-454C-9A00-C83BF8166B86}.Release|Any CPU.Build.0 = Release|Any CPU
		{C246BA71-C15A-4949-8A0B-84A2788DE32A}.Debug|Any CPU.ActiveCfg = Debug|Any CPU
		{C246BA71-C15A-4949-8A0B-84A2788DE32A}.Debug|Any CPU.Build.0 = Debug|Any CPU
		{C246BA71-C15A-4949-8A0B-84A2788DE32A}.Release|Any CPU.ActiveCfg = Release|Any CPU
		{C246BA71-C15A-4949-8A0B-84A2788DE32A}.Release|Any CPU.Build.0 = Release|Any CPU
	EndGlobalSection
	GlobalSection(SolutionProperties) = preSolution
		HideSolutionNode = FALSE
	EndGlobalSection
	GlobalSection(ExtensibilityGlobals) = postSolution
		SolutionGuid = {7B0CC3E5-A645-4221-8FB2-F2A32F59D803}
	EndGlobalSection
EndGlobal
