
Microsoft Visual Studio Solution File, Format Version 12.00
# Visual Studio Version 17
VisualStudioVersion = 17.8.34330.188
MinimumVisualStudioVersion = 10.0.40219.1
Project("{9A19103F-16F7-4668-BE54-9A1E7A4F7556}") = "eShop.Data", "eShop.Data\eShop.Data.csproj", "{92A14FE2-A1B9-454C-9A00-C83BF8166B86}"
EndProject
Project("{9A19103F-16F7-4668-BE54-9A1E7A4F7556}") = "eShop.Data.Shared", "eShop.Data.Shared\eShop.Data.Shared.csproj", "{C246BA71-C15A-4949-8A0B-84A2788DE32A}"
EndProject
Project("{9A19103F-16F7-4668-BE54-9A1E7A4F7556}") = "eShop.API.Category", "eShop.API.Category\eShop.API.Category.csproj", "{A6076565-C9CF-4854-B2D7-0891D332F1B9}"
EndProject
Project("{9A19103F-16F7-4668-BE54-9A1E7A4F7556}") = "eShop.API.Extensions", "eShop.API.Extensions\eShop.API.Extensions.csproj", "{22A54A1A-4679-4C9C-9BFF-58603653B199}"
EndProject
Project("{9A19103F-16F7-4668-BE54-9A1E7A4F7556}") = "eShop.API.DTO", "eShop.API.DTO\eShop.API.DTO.csproj", "{4B1E5699-9586-41CF-8115-8E43E185F040}"
EndProject
Project("{9A19103F-16F7-4668-BE54-9A1E7A4F7556}") = "eShop.UI", "eShop.UI\eShop.UI.csproj", "{827D438B-C6C1-452B-BB9C-194314F6EC34}"
EndProject
Project("{9A19103F-16F7-4668-BE54-9A1E7A4F7556}") = "eShop.UI.Models", "eShop.UI.Models\eShop.UI.Models.csproj", "{F5350D3B-906E-4BF5-87D7-E364135A9453}"
EndProject
Project("{FAE04EC0-301F-11D3-BF4B-00C04F79EFBC}") = "eShop.UI.Http", "eShop.UI.Http\eShop.UI.Http.csproj", "{06F22DA1-8CF7-434F-8EDC-2F489E535E28}"
EndProject
Global
	GlobalSection(SolutionConfigurationPlatforms) = preSolution
		Debug|Any CPU = Debug|Any CPU
		Release|Any CPU = Release|Any CPU
	EndGlobalSection
	GlobalSection(ProjectConfigurationPlatforms) = postSolution
		{92A14FE2-A1B9-454C-9A00-C83BF8166B86}.Debug|Any CPU.ActiveCfg = Debug|Any CPU
		{92A14FE2-A1B9-454C-9A00-C83BF8166B86}.Debug|Any CPU.Build.0 = Debug|Any CPU
		{92A14FE2-A1B9-454C-9A00-C83BF8166B86}.Release|Any CPU.ActiveCfg = Release|Any CPU
		{92A14FE2-A1B9-454C-9A00-C83BF8166B86}.Release|Any CPU.Build.0 = Release|Any CPU
		{C246BA71-C15A-4949-8A0B-84A2788DE32A}.Debug|Any CPU.ActiveCfg = Debug|Any CPU
		{C246BA71-C15A-4949-8A0B-84A2788DE32A}.Debug|Any CPU.Build.0 = Debug|Any CPU
		{C246BA71-C15A-4949-8A0B-84A2788DE32A}.Release|Any CPU.ActiveCfg = Release|Any CPU
		{C246BA71-C15A-4949-8A0B-84A2788DE32A}.Release|Any CPU.Build.0 = Release|Any CPU
		{A6076565-C9CF-4854-B2D7-0891D332F1B9}.Debug|Any CPU.ActiveCfg = Debug|Any CPU
		{A6076565-C9CF-4854-B2D7-0891D332F1B9}.Debug|Any CPU.Build.0 = Debug|Any CPU
		{A6076565-C9CF-4854-B2D7-0891D332F1B9}.Release|Any CPU.ActiveCfg = Release|Any CPU
		{A6076565-C9CF-4854-B2D7-0891D332F1B9}.Release|Any CPU.Build.0 = Release|Any CPU
		{22A54A1A-4679-4C9C-9BFF-58603653B199}.Debug|Any CPU.ActiveCfg = Debug|Any CPU
		{22A54A1A-4679-4C9C-9BFF-58603653B199}.Debug|Any CPU.Build.0 = Debug|Any CPU
		{22A54A1A-4679-4C9C-9BFF-58603653B199}.Release|Any CPU.ActiveCfg = Release|Any CPU
		{22A54A1A-4679-4C9C-9BFF-58603653B199}.Release|Any CPU.Build.0 = Release|Any CPU
		{4B1E5699-9586-41CF-8115-8E43E185F040}.Debug|Any CPU.ActiveCfg = Debug|Any CPU
		{4B1E5699-9586-41CF-8115-8E43E185F040}.Debug|Any CPU.Build.0 = Debug|Any CPU
		{4B1E5699-9586-41CF-8115-8E43E185F040}.Release|Any CPU.ActiveCfg = Release|Any CPU
		{4B1E5699-9586-41CF-8115-8E43E185F040}.Release|Any CPU.Build.0 = Release|Any CPU
		{827D438B-C6C1-452B-BB9C-194314F6EC34}.Debug|Any CPU.ActiveCfg = Debug|Any CPU
		{827D438B-C6C1-452B-BB9C-194314F6EC34}.Debug|Any CPU.Build.0 = Debug|Any CPU
		{827D438B-C6C1-452B-BB9C-194314F6EC34}.Release|Any CPU.ActiveCfg = Release|Any CPU
		{827D438B-C6C1-452B-BB9C-194314F6EC34}.Release|Any CPU.Build.0 = Release|Any CPU
		{F5350D3B-906E-4BF5-87D7-E364135A9453}.Debug|Any CPU.ActiveCfg = Debug|Any CPU
		{F5350D3B-906E-4BF5-87D7-E364135A9453}.Debug|Any CPU.Build.0 = Debug|Any CPU
		{F5350D3B-906E-4BF5-87D7-E364135A9453}.Release|Any CPU.ActiveCfg = Release|Any CPU
		{F5350D3B-906E-4BF5-87D7-E364135A9453}.Release|Any CPU.Build.0 = Release|Any CPU
		{06F22DA1-8CF7-434F-8EDC-2F489E535E28}.Debug|Any CPU.ActiveCfg = Debug|Any CPU
		{06F22DA1-8CF7-434F-8EDC-2F489E535E28}.Debug|Any CPU.Build.0 = Debug|Any CPU
		{06F22DA1-8CF7-434F-8EDC-2F489E535E28}.Release|Any CPU.ActiveCfg = Release|Any CPU
		{06F22DA1-8CF7-434F-8EDC-2F489E535E28}.Release|Any CPU.Build.0 = Release|Any CPU
	EndGlobalSection
	GlobalSection(SolutionProperties) = preSolution
		HideSolutionNode = FALSE
	EndGlobalSection
	GlobalSection(ExtensibilityGlobals) = postSolution
		SolutionGuid = {7B0CC3E5-A645-4221-8FB2-F2A32F59D803}
	EndGlobalSection
EndGlobal
